// !$*UTF8*$!
{
	archiveVersion = 1;
	classes = {
	};
	objectVersion = 50;
	objects = {

/* Begin PBXBuildFile section */
		9025BA502088F24A0023D67D /* AppDelegate.swift in Sources */ = {isa = PBXBuildFile; fileRef = 9025BA4F2088F24A0023D67D /* AppDelegate.swift */; };
		9025BA522088F24A0023D67D /* ViewController.swift in Sources */ = {isa = PBXBuildFile; fileRef = 9025BA512088F24A0023D67D /* ViewController.swift */; };
		9025BA552088F24A0023D67D /* Main.storyboard in Resources */ = {isa = PBXBuildFile; fileRef = 9025BA532088F24A0023D67D /* Main.storyboard */; };
		9025BA572088F24B0023D67D /* Assets.xcassets in Resources */ = {isa = PBXBuildFile; fileRef = 9025BA562088F24B0023D67D /* Assets.xcassets */; };
		9025BA5A2088F24B0023D67D /* LaunchScreen.storyboard in Resources */ = {isa = PBXBuildFile; fileRef = 9025BA582088F24B0023D67D /* LaunchScreen.storyboard */; };
		9025BA652088F24B0023D67D /* Nacho_Plane_Detection__ikeaTests.swift in Sources */ = {isa = PBXBuildFile; fileRef = 9025BA642088F24B0023D67D /* Nacho_Plane_Detection__ikeaTests.swift */; };
		9025BA702088F24B0023D67D /* Nacho_Plane_Detection__ikeaUITests.swift in Sources */ = {isa = PBXBuildFile; fileRef = 9025BA6F2088F24B0023D67D /* Nacho_Plane_Detection__ikeaUITests.swift */; };
		9025BA7E20890BC20023D67D /* Art.scnassets in Resources */ = {isa = PBXBuildFile; fileRef = 9025BA7D20890BC20023D67D /* Art.scnassets */; };
		9025BA8020890C880023D67D /* Furniture.swift in Sources */ = {isa = PBXBuildFile; fileRef = 9025BA7F20890C880023D67D /* Furniture.swift */; };
/* End PBXBuildFile section */

/* Begin PBXContainerItemProxy section */
		9025BA612088F24B0023D67D /* PBXContainerItemProxy */ = {
			isa = PBXContainerItemProxy;
			containerPortal = 9025BA442088F24A0023D67D /* Project object */;
			proxyType = 1;
			remoteGlobalIDString = 9025BA4B2088F24A0023D67D;
			remoteInfo = "Nacho Plane Detection, ikea";
		};
		9025BA6C2088F24B0023D67D /* PBXContainerItemProxy */ = {
			isa = PBXContainerItemProxy;
			containerPortal = 9025BA442088F24A0023D67D /* Project object */;
			proxyType = 1;
			remoteGlobalIDString = 9025BA4B2088F24A0023D67D;
			remoteInfo = "Nacho Plane Detection, ikea";
		};
/* End PBXContainerItemProxy section */

/* Begin PBXFileReference section */
		9025BA4C2088F24A0023D67D /* Nacho Plane Detection, ikea.app */ = {isa = PBXFileReference; explicitFileType = wrapper.application; includeInIndex = 0; path = "Nacho Plane Detection, ikea.app"; sourceTree = BUILT_PRODUCTS_DIR; };
		9025BA4F2088F24A0023D67D /* AppDelegate.swift */ = {isa = PBXFileReference; lastKnownFileType = sourcecode.swift; path = AppDelegate.swift; sourceTree = "<group>"; };
		9025BA512088F24A0023D67D /* ViewController.swift */ = {isa = PBXFileReference; lastKnownFileType = sourcecode.swift; path = ViewController.swift; sourceTree = "<group>"; };
		9025BA542088F24A0023D67D /* Base */ = {isa = PBXFileReference; lastKnownFileType = file.storyboard; name = Base; path = Base.lproj/Main.storyboard; sourceTree = "<group>"; };
		9025BA562088F24B0023D67D /* Assets.xcassets */ = {isa = PBXFileReference; lastKnownFileType = folder.assetcatalog; path = Assets.xcassets; sourceTree = "<group>"; };
		9025BA592088F24B0023D67D /* Base */ = {isa = PBXFileReference; lastKnownFileType = file.storyboard; name = Base; path = Base.lproj/LaunchScreen.storyboard; sourceTree = "<group>"; };
		9025BA5B2088F24B0023D67D /* Info.plist */ = {isa = PBXFileReference; lastKnownFileType = text.plist.xml; path = Info.plist; sourceTree = "<group>"; };
		9025BA602088F24B0023D67D /* Nacho Plane Detection, ikeaTests.xctest */ = {isa = PBXFileReference; explicitFileType = wrapper.cfbundle; includeInIndex = 0; path = "Nacho Plane Detection, ikeaTests.xctest"; sourceTree = BUILT_PRODUCTS_DIR; };
		9025BA642088F24B0023D67D /* Nacho_Plane_Detection__ikeaTests.swift */ = {isa = PBXFileReference; lastKnownFileType = sourcecode.swift; path = Nacho_Plane_Detection__ikeaTests.swift; sourceTree = "<group>"; };
		9025BA662088F24B0023D67D /* Info.plist */ = {isa = PBXFileReference; lastKnownFileType = text.plist.xml; path = Info.plist; sourceTree = "<group>"; };
		9025BA6B2088F24B0023D67D /* Nacho Plane Detection, ikeaUITests.xctest */ = {isa = PBXFileReference; explicitFileType = wrapper.cfbundle; includeInIndex = 0; path = "Nacho Plane Detection, ikeaUITests.xctest"; sourceTree = BUILT_PRODUCTS_DIR; };
		9025BA6F2088F24B0023D67D /* Nacho_Plane_Detection__ikeaUITests.swift */ = {isa = PBXFileReference; lastKnownFileType = sourcecode.swift; path = Nacho_Plane_Detection__ikeaUITests.swift; sourceTree = "<group>"; };
		9025BA712088F24B0023D67D /* Info.plist */ = {isa = PBXFileReference; lastKnownFileType = text.plist.xml; path = Info.plist; sourceTree = "<group>"; };
		9025BA7D20890BC20023D67D /* Art.scnassets */ = {isa = PBXFileReference; lastKnownFileType = wrapper.scnassets; path = Art.scnassets; sourceTree = "<group>"; };
		9025BA7F20890C880023D67D /* Furniture.swift */ = {isa = PBXFileReference; lastKnownFileType = sourcecode.swift; path = Furniture.swift; sourceTree = "<group>"; };
/* End PBXFileReference section */

/* Begin PBXFrameworksBuildPhase section */
		9025BA492088F24A0023D67D /* Frameworks */ = {
			isa = PBXFrameworksBuildPhase;
			buildActionMask = 2147483647;
			files = (
			);
			runOnlyForDeploymentPostprocessing = 0;
		};
		9025BA5D2088F24B0023D67D /* Frameworks */ = {
			isa = PBXFrameworksBuildPhase;
			buildActionMask = 2147483647;
			files = (
			);
			runOnlyForDeploymentPostprocessing = 0;
		};
		9025BA682088F24B0023D67D /* Frameworks */ = {
			isa = PBXFrameworksBuildPhase;
			buildActionMask = 2147483647;
			files = (
			);
			runOnlyForDeploymentPostprocessing = 0;
		};
/* End PBXFrameworksBuildPhase section */

/* Begin PBXGroup section */
		9025BA432088F24A0023D67D = {
			isa = PBXGroup;
			children = (
				9025BA4E2088F24A0023D67D /* Nacho Plane Detection, ikea */,
				9025BA632088F24B0023D67D /* Nacho Plane Detection, ikeaTests */,
				9025BA6E2088F24B0023D67D /* Nacho Plane Detection, ikeaUITests */,
				9025BA4D2088F24A0023D67D /* Products */,
			);
			sourceTree = "<group>";
		};
		9025BA4D2088F24A0023D67D /* Products */ = {
			isa = PBXGroup;
			children = (
				9025BA4C2088F24A0023D67D /* Nacho Plane Detection, ikea.app */,
				9025BA602088F24B0023D67D /* Nacho Plane Detection, ikeaTests.xctest */,
				9025BA6B2088F24B0023D67D /* Nacho Plane Detection, ikeaUITests.xctest */,
			);
			name = Products;
			sourceTree = "<group>";
		};
		9025BA4E2088F24A0023D67D /* Nacho Plane Detection, ikea */ = {
			isa = PBXGroup;
			children = (
				9025BA4F2088F24A0023D67D /* AppDelegate.swift */,
				9025BA512088F24A0023D67D /* ViewController.swift */,
				9025BA7F20890C880023D67D /* Furniture.swift */,
				9025BA532088F24A0023D67D /* Main.storyboard */,
				9025BA562088F24B0023D67D /* Assets.xcassets */,
				9025BA582088F24B0023D67D /* LaunchScreen.storyboard */,
				9025BA5B2088F24B0023D67D /* Info.plist */,
				9025BA7D20890BC20023D67D /* Art.scnassets */,
			);
			path = "Nacho Plane Detection, ikea";
			sourceTree = "<group>";
		};
		9025BA632088F24B0023D67D /* Nacho Plane Detection, ikeaTests */ = {
			isa = PBXGroup;
			children = (
				9025BA642088F24B0023D67D /* Nacho_Plane_Detection__ikeaTests.swift */,
				9025BA662088F24B0023D67D /* Info.plist */,
			);
			path = "Nacho Plane Detection, ikeaTests";
			sourceTree = "<group>";
		};
		9025BA6E2088F24B0023D67D /* Nacho Plane Detection, ikeaUITests */ = {
			isa = PBXGroup;
			children = (
				9025BA6F2088F24B0023D67D /* Nacho_Plane_Detection__ikeaUITests.swift */,
				9025BA712088F24B0023D67D /* Info.plist */,
			);
			path = "Nacho Plane Detection, ikeaUITests";
			sourceTree = "<group>";
		};
/* End PBXGroup section */

/* Begin PBXNativeTarget section */
		9025BA4B2088F24A0023D67D /* Nacho Plane Detection, ikea */ = {
			isa = PBXNativeTarget;
			buildConfigurationList = 9025BA742088F24B0023D67D /* Build configuration list for PBXNativeTarget "Nacho Plane Detection, ikea" */;
			buildPhases = (
				9025BA482088F24A0023D67D /* Sources */,
				9025BA492088F24A0023D67D /* Frameworks */,
				9025BA4A2088F24A0023D67D /* Resources */,
			);
			buildRules = (
			);
			dependencies = (
			);
			name = "Nacho Plane Detection, ikea";
			productName = "Nacho Plane Detection, ikea";
			productReference = 9025BA4C2088F24A0023D67D /* Nacho Plane Detection, ikea.app */;
			productType = "com.apple.product-type.application";
		};
		9025BA5F2088F24B0023D67D /* Nacho Plane Detection, ikeaTests */ = {
			isa = PBXNativeTarget;
			buildConfigurationList = 9025BA772088F24B0023D67D /* Build configuration list for PBXNativeTarget "Nacho Plane Detection, ikeaTests" */;
			buildPhases = (
				9025BA5C2088F24B0023D67D /* Sources */,
				9025BA5D2088F24B0023D67D /* Frameworks */,
				9025BA5E2088F24B0023D67D /* Resources */,
			);
			buildRules = (
			);
			dependencies = (
				9025BA622088F24B0023D67D /* PBXTargetDependency */,
			);
			name = "Nacho Plane Detection, ikeaTests";
			productName = "Nacho Plane Detection, ikeaTests";
			productReference = 9025BA602088F24B0023D67D /* Nacho Plane Detection, ikeaTests.xctest */;
			productType = "com.apple.product-type.bundle.unit-test";
		};
		9025BA6A2088F24B0023D67D /* Nacho Plane Detection, ikeaUITests */ = {
			isa = PBXNativeTarget;
			buildConfigurationList = 9025BA7A2088F24B0023D67D /* Build configuration list for PBXNativeTarget "Nacho Plane Detection, ikeaUITests" */;
			buildPhases = (
				9025BA672088F24B0023D67D /* Sources */,
				9025BA682088F24B0023D67D /* Frameworks */,
				9025BA692088F24B0023D67D /* Resources */,
			);
			buildRules = (
			);
			dependencies = (
				9025BA6D2088F24B0023D67D /* PBXTargetDependency */,
			);
			name = "Nacho Plane Detection, ikeaUITests";
			productName = "Nacho Plane Detection, ikeaUITests";
			productReference = 9025BA6B2088F24B0023D67D /* Nacho Plane Detection, ikeaUITests.xctest */;
			productType = "com.apple.product-type.bundle.ui-testing";
		};
/* End PBXNativeTarget section */

/* Begin PBXProject section */
		9025BA442088F24A0023D67D /* Project object */ = {
			isa = PBXProject;
			attributes = {
				LastSwiftUpdateCheck = 0930;
				LastUpgradeCheck = 0930;
				ORGANIZATIONNAME = "Ben Smith";
				TargetAttributes = {
					9025BA4B2088F24A0023D67D = {
						CreatedOnToolsVersion = 9.3;
					};
					9025BA5F2088F24B0023D67D = {
						CreatedOnToolsVersion = 9.3;
						TestTargetID = 9025BA4B2088F24A0023D67D;
					};
					9025BA6A2088F24B0023D67D = {
						CreatedOnToolsVersion = 9.3;
						TestTargetID = 9025BA4B2088F24A0023D67D;
					};
				};
			};
			buildConfigurationList = 9025BA472088F24A0023D67D /* Build configuration list for PBXProject "Nacho Plane Detection, ikea" */;
			compatibilityVersion = "Xcode 9.3";
			developmentRegion = en;
			hasScannedForEncodings = 0;
			knownRegions = (
				en,
				Base,
			);
			mainGroup = 9025BA432088F24A0023D67D;
			productRefGroup = 9025BA4D2088F24A0023D67D /* Products */;
			projectDirPath = "";
			projectRoot = "";
			targets = (
				9025BA4B2088F24A0023D67D /* Nacho Plane Detection, ikea */,
				9025BA5F2088F24B0023D67D /* Nacho Plane Detection, ikeaTests */,
				9025BA6A2088F24B0023D67D /* Nacho Plane Detection, ikeaUITests */,
			);
		};
/* End PBXProject section */

/* Begin PBXResourcesBuildPhase section */
		9025BA4A2088F24A0023D67D /* Resources */ = {
			isa = PBXResourcesBuildPhase;
			buildActionMask = 2147483647;
			files = (
				9025BA5A2088F24B0023D67D /* LaunchScreen.storyboard in Resources */,
				9025BA7E20890BC20023D67D /* Art.scnassets in Resources */,
				9025BA572088F24B0023D67D /* Assets.xcassets in Resources */,
				9025BA552088F24A0023D67D /* Main.storyboard in Resources */,
			);
			runOnlyForDeploymentPostprocessing = 0;
		};
		9025BA5E2088F24B0023D67D /* Resources */ = {
			isa = PBXResourcesBuildPhase;
			buildActionMask = 2147483647;
			files = (
			);
			runOnlyForDeploymentPostprocessing = 0;
		};
		9025BA692088F24B0023D67D /* Resources */ = {
			isa = PBXResourcesBuildPhase;
			buildActionMask = 2147483647;
			files = (
			);
			runOnlyForDeploymentPostprocessing = 0;
		};
/* End PBXResourcesBuildPhase section */

/* Begin PBXSourcesBuildPhase section */
		9025BA482088F24A0023D67D /* Sources */ = {
			isa = PBXSourcesBuildPhase;
			buildActionMask = 2147483647;
			files = (
				9025BA522088F24A0023D67D /* ViewController.swift in Sources */,
				9025BA8020890C880023D67D /* Furniture.swift in Sources */,
				9025BA502088F24A0023D67D /* AppDelegate.swift in Sources */,
			);
			runOnlyForDeploymentPostprocessing = 0;
		};
		9025BA5C2088F24B0023D67D /* Sources */ = {
			isa = PBXSourcesBuildPhase;
			buildActionMask = 2147483647;
			files = (
				9025BA652088F24B0023D67D /* Nacho_Plane_Detection__ikeaTests.swift in Sources */,
			);
			runOnlyForDeploymentPostprocessing = 0;
		};
		9025BA672088F24B0023D67D /* Sources */ = {
			isa = PBXSourcesBuildPhase;
			buildActionMask = 2147483647;
			files = (
				9025BA702088F24B0023D67D /* Nacho_Plane_Detection__ikeaUITests.swift in Sources */,
			);
			runOnlyForDeploymentPostprocessing = 0;
		};
/* End PBXSourcesBuildPhase section */

/* Begin PBXTargetDependency section */
		9025BA622088F24B0023D67D /* PBXTargetDependency */ = {
			isa = PBXTargetDependency;
			target = 9025BA4B2088F24A0023D67D /* Nacho Plane Detection, ikea */;
			targetProxy = 9025BA612088F24B0023D67D /* PBXContainerItemProxy */;
		};
		9025BA6D2088F24B0023D67D /* PBXTargetDependency */ = {
			isa = PBXTargetDependency;
			target = 9025BA4B2088F24A0023D67D /* Nacho Plane Detection, ikea */;
			targetProxy = 9025BA6C2088F24B0023D67D /* PBXContainerItemProxy */;
		};
/* End PBXTargetDependency section */

/* Begin PBXVariantGroup section */
		9025BA532088F24A0023D67D /* Main.storyboard */ = {
			isa = PBXVariantGroup;
			children = (
				9025BA542088F24A0023D67D /* Base */,
			);
			name = Main.storyboard;
			sourceTree = "<group>";
		};
		9025BA582088F24B0023D67D /* LaunchScreen.storyboard */ = {
			isa = PBXVariantGroup;
			children = (
				9025BA592088F24B0023D67D /* Base */,
			);
			name = LaunchScreen.storyboard;
			sourceTree = "<group>";
		};
/* End PBXVariantGroup section */

/* Begin XCBuildConfiguration section */
		9025BA722088F24B0023D67D /* Debug */ = {
			isa = XCBuildConfiguration;
			buildSettings = {
				ALWAYS_SEARCH_USER_PATHS = NO;
				CLANG_ANALYZER_NONNULL = YES;
				CLANG_ANALYZER_NUMBER_OBJECT_CONVERSION = YES_AGGRESSIVE;
				CLANG_CXX_LANGUAGE_STANDARD = "gnu++14";
				CLANG_CXX_LIBRARY = "libc++";
				CLANG_ENABLE_MODULES = YES;
				CLANG_ENABLE_OBJC_ARC = YES;
				CLANG_ENABLE_OBJC_WEAK = YES;
				CLANG_WARN_BLOCK_CAPTURE_AUTORELEASING = YES;
				CLANG_WARN_BOOL_CONVERSION = YES;
				CLANG_WARN_COMMA = YES;
				CLANG_WARN_CONSTANT_CONVERSION = YES;
				CLANG_WARN_DEPRECATED_OBJC_IMPLEMENTATIONS = YES;
				CLANG_WARN_DIRECT_OBJC_ISA_USAGE = YES_ERROR;
				CLANG_WARN_DOCUMENTATION_COMMENTS = YES;
				CLANG_WARN_EMPTY_BODY = YES;
				CLANG_WARN_ENUM_CONVERSION = YES;
				CLANG_WARN_INFINITE_RECURSION = YES;
				CLANG_WARN_INT_CONVERSION = YES;
				CLANG_WARN_NON_LITERAL_NULL_CONVERSION = YES;
				CLANG_WARN_OBJC_IMPLICIT_RETAIN_SELF = YES;
				CLANG_WARN_OBJC_LITERAL_CONVERSION = YES;
				CLANG_WARN_OBJC_ROOT_CLASS = YES_ERROR;
				CLANG_WARN_RANGE_LOOP_ANALYSIS = YES;
				CLANG_WARN_STRICT_PROTOTYPES = YES;
				CLANG_WARN_SUSPICIOUS_MOVE = YES;
				CLANG_WARN_UNGUARDED_AVAILABILITY = YES_AGGRESSIVE;
				CLANG_WARN_UNREACHABLE_CODE = YES;
				CLANG_WARN__DUPLICATE_METHOD_MATCH = YES;
				CODE_SIGN_IDENTITY = "iPhone Developer";
				COPY_PHASE_STRIP = NO;
				DEBUG_INFORMATION_FORMAT = dwarf;
				ENABLE_STRICT_OBJC_MSGSEND = YES;
				ENABLE_TESTABILITY = YES;
				GCC_C_LANGUAGE_STANDARD = gnu11;
				GCC_DYNAMIC_NO_PIC = NO;
				GCC_NO_COMMON_BLOCKS = YES;
				GCC_OPTIMIZATION_LEVEL = 0;
				GCC_PREPROCESSOR_DEFINITIONS = (
					"DEBUG=1",
					"$(inherited)",
				);
				GCC_WARN_64_TO_32_BIT_CONVERSION = YES;
				GCC_WARN_ABOUT_RETURN_TYPE = YES_ERROR;
				GCC_WARN_UNDECLARED_SELECTOR = YES;
				GCC_WARN_UNINITIALIZED_AUTOS = YES_AGGRESSIVE;
				GCC_WARN_UNUSED_FUNCTION = YES;
				GCC_WARN_UNUSED_VARIABLE = YES;
				IPHONEOS_DEPLOYMENT_TARGET = 11.3;
				MTL_ENABLE_DEBUG_INFO = YES;
				ONLY_ACTIVE_ARCH = YES;
				SDKROOT = iphoneos;
				SWIFT_ACTIVE_COMPILATION_CONDITIONS = DEBUG;
				SWIFT_OPTIMIZATION_LEVEL = "-Onone";
			};
			name = Debug;
		};
		9025BA732088F24B0023D67D /* Release */ = {
			isa = XCBuildConfiguration;
			buildSettings = {
				ALWAYS_SEARCH_USER_PATHS = NO;
				CLANG_ANALYZER_NONNULL = YES;
				CLANG_ANALYZER_NUMBER_OBJECT_CONVERSION = YES_AGGRESSIVE;
				CLANG_CXX_LANGUAGE_STANDARD = "gnu++14";
				CLANG_CXX_LIBRARY = "libc++";
				CLANG_ENABLE_MODULES = YES;
				CLANG_ENABLE_OBJC_ARC = YES;
				CLANG_ENABLE_OBJC_WEAK = YES;
				CLANG_WARN_BLOCK_CAPTURE_AUTORELEASING = YES;
				CLANG_WARN_BOOL_CONVERSION = YES;
				CLANG_WARN_COMMA = YES;
				CLANG_WARN_CONSTANT_CONVERSION = YES;
				CLANG_WARN_DEPRECATED_OBJC_IMPLEMENTATIONS = YES;
				CLANG_WARN_DIRECT_OBJC_ISA_USAGE = YES_ERROR;
				CLANG_WARN_DOCUMENTATION_COMMENTS = YES;
				CLANG_WARN_EMPTY_BODY = YES;
				CLANG_WARN_ENUM_CONVERSION = YES;
				CLANG_WARN_INFINITE_RECURSION = YES;
				CLANG_WARN_INT_CONVERSION = YES;
				CLANG_WARN_NON_LITERAL_NULL_CONVERSION = YES;
				CLANG_WARN_OBJC_IMPLICIT_RETAIN_SELF = YES;
				CLANG_WARN_OBJC_LITERAL_CONVERSION = YES;
				CLANG_WARN_OBJC_ROOT_CLASS = YES_ERROR;
				CLANG_WARN_RANGE_LOOP_ANALYSIS = YES;
				CLANG_WARN_STRICT_PROTOTYPES = YES;
				CLANG_WARN_SUSPICIOUS_MOVE = YES;
				CLANG_WARN_UNGUARDED_AVAILABILITY = YES_AGGRESSIVE;
				CLANG_WARN_UNREACHABLE_CODE = YES;
				CLANG_WARN__DUPLICATE_METHOD_MATCH = YES;
				CODE_SIGN_IDENTITY = "iPhone Developer";
				COPY_PHASE_STRIP = NO;
				DEBUG_INFORMATION_FORMAT = "dwarf-with-dsym";
				ENABLE_NS_ASSERTIONS = NO;
				ENABLE_STRICT_OBJC_MSGSEND = YES;
				GCC_C_LANGUAGE_STANDARD = gnu11;
				GCC_NO_COMMON_BLOCKS = YES;
				GCC_WARN_64_TO_32_BIT_CONVERSION = YES;
				GCC_WARN_ABOUT_RETURN_TYPE = YES_ERROR;
				GCC_WARN_UNDECLARED_SELECTOR = YES;
				GCC_WARN_UNINITIALIZED_AUTOS = YES_AGGRESSIVE;
				GCC_WARN_UNUSED_FUNCTION = YES;
				GCC_WARN_UNUSED_VARIABLE = YES;
				IPHONEOS_DEPLOYMENT_TARGET = 11.3;
				MTL_ENABLE_DEBUG_INFO = NO;
				SDKROOT = iphoneos;
				SWIFT_COMPILATION_MODE = wholemodule;
				SWIFT_OPTIMIZATION_LEVEL = "-O";
				VALIDATE_PRODUCT = YES;
			};
			name = Release;
		};
		9025BA752088F24B0023D67D /* Debug */ = {
			isa = XCBuildConfiguration;
			buildSettings = {
				ASSETCATALOG_COMPILER_APPICON_NAME = AppIcon;
				CODE_SIGN_STYLE = Automatic;
				DEVELOPMENT_TEAM = CWK29L7ZPT;
				INFOPLIST_FILE = "Nacho Plane Detection, ikea/Info.plist";
				LD_RUNPATH_SEARCH_PATHS = (
					"$(inherited)",
					"@executable_path/Frameworks",
				);
				PRODUCT_BUNDLE_IDENTIFIER = "com.bensmithinc.KLMTrip.Nacho-Plane-Detection--ikea";
				PRODUCT_NAME = "$(TARGET_NAME)";
				SWIFT_VERSION = 4.0;
				TARGETED_DEVICE_FAMILY = "1,2";
			};
			name = Debug;
		};
		9025BA762088F24B0023D67D /* Release */ = {
			isa = XCBuildConfiguration;
			buildSettings = {
				ASSETCATALOG_COMPILER_APPICON_NAME = AppIcon;
				CODE_SIGN_STYLE = Automatic;
				DEVELOPMENT_TEAM = CWK29L7ZPT;
				INFOPLIST_FILE = "Nacho Plane Detection, ikea/Info.plist";
				LD_RUNPATH_SEARCH_PATHS = (
					"$(inherited)",
					"@executable_path/Frameworks",
				);
				PRODUCT_BUNDLE_IDENTIFIER = "com.bensmithinc.KLMTrip.Nacho-Plane-Detection--ikea";
				PRODUCT_NAME = "$(TARGET_NAME)";
				SWIFT_VERSION = 4.0;
				TARGETED_DEVICE_FAMILY = "1,2";
			};
			name = Release;
		};
		9025BA782088F24B0023D67D /* Debug */ = {
			isa = XCBuildConfiguration;
			buildSettings = {
				ALWAYS_EMBED_SWIFT_STANDARD_LIBRARIES = YES;
				BUNDLE_LOADER = "$(TEST_HOST)";
				CODE_SIGN_STYLE = Automatic;
				DEVELOPMENT_TEAM = CWK29L7ZPT;
				INFOPLIST_FILE = "Nacho Plane Detection, ikeaTests/Info.plist";
				LD_RUNPATH_SEARCH_PATHS = (
					"$(inherited)",
					"@executable_path/Frameworks",
					"@loader_path/Frameworks",
				);
				PRODUCT_BUNDLE_IDENTIFIER = "com.bensmithinc.KLMTrip.Nacho-Plane-Detection--ikeaTests";
				PRODUCT_NAME = "$(TARGET_NAME)";
				SWIFT_VERSION = 4.0;
				TARGETED_DEVICE_FAMILY = "1,2";
				TEST_HOST = "$(BUILT_PRODUCTS_DIR)/Nacho Plane Detection, ikea.app/Nacho Plane Detection, ikea";
			};
			name = Debug;
		};
		9025BA792088F24B0023D67D /* Release */ = {
			isa = XCBuildConfiguration;
			buildSettings = {
				ALWAYS_EMBED_SWIFT_STANDARD_LIBRARIES = YES;
				BUNDLE_LOADER = "$(TEST_HOST)";
				CODE_SIGN_STYLE = Automatic;
				DEVELOPMENT_TEAM = CWK29L7ZPT;
				INFOPLIST_FILE = "Nacho Plane Detection, ikeaTests/Info.plist";
				LD_RUNPATH_SEARCH_PATHS = (
					"$(inherited)",
					"@executable_path/Frameworks",
					"@loader_path/Frameworks",
				);
				PRODUCT_BUNDLE_IDENTIFIER = "com.bensmithinc.KLMTrip.Nacho-Plane-Detection--ikeaTests";
				PRODUCT_NAME = "$(TARGET_NAME)";
				SWIFT_VERSION = 4.0;
				TARGETED_DEVICE_FAMILY = "1,2";
				TEST_HOST = "$(BUILT_PRODUCTS_DIR)/Nacho Plane Detection, ikea.app/Nacho Plane Detection, ikea";
			};
			name = Release;
		};
		9025BA7B2088F24B0023D67D /* Debug */ = {
			isa = XCBuildConfiguration;
			buildSettings = {
				ALWAYS_EMBED_SWIFT_STANDARD_LIBRARIES = YES;
				CODE_SIGN_STYLE = Automatic;
				DEVELOPMENT_TEAM = CWK29L7ZPT;
				INFOPLIST_FILE = "Nacho Plane Detection, ikeaUITests/Info.plist";
				LD_RUNPATH_SEARCH_PATHS = (
					"$(inherited)",
					"@executable_path/Frameworks",
					"@loader_path/Frameworks",
				);
				PRODUCT_BUNDLE_IDENTIFIER = "com.bensmithinc.KLMTrip.Nacho-Plane-Detection--ikeaUITests";
				PRODUCT_NAME = "$(TARGET_NAME)";
				SWIFT_VERSION = 4.0;
				TARGETED_DEVICE_FAMILY = "1,2";
				TEST_TARGET_NAME = "Nacho Plane Detection, ikea";
			};
			name = Debug;
		};
		9025BA7C2088F24B0023D67D /* Release */ = {
			isa = XCBuildConfiguration;
			buildSettings = {
				ALWAYS_EMBED_SWIFT_STANDARD_LIBRARIES = YES;
				CODE_SIGN_STYLE = Automatic;
				DEVELOPMENT_TEAM = CWK29L7ZPT;
				INFOPLIST_FILE = "Nacho Plane Detection, ikeaUITests/Info.plist";
				LD_RUNPATH_SEARCH_PATHS = (
					"$(inherited)",
					"@executable_path/Frameworks",
					"@loader_path/Frameworks",
				);
				PRODUCT_BUNDLE_IDENTIFIER = "com.bensmithinc.KLMTrip.Nacho-Plane-Detection--ikeaUITests";
				PRODUCT_NAME = "$(TARGET_NAME)";
				SWIFT_VERSION = 4.0;
				TARGETED_DEVICE_FAMILY = "1,2";
				TEST_TARGET_NAME = "Nacho Plane Detection, ikea";
			};
			name = Release;
		};
/* End XCBuildConfiguration section */

/* Begin XCConfigurationList section */
		9025BA472088F24A0023D67D /* Build configuration list for PBXProject "Nacho Plane Detection, ikea" */ = {
			isa = XCConfigurationList;
			buildConfigurations = (
				9025BA722088F24B0023D67D /* Debug */,
				9025BA732088F24B0023D67D /* Release */,
			);
			defaultConfigurationIsVisible = 0;
			defaultConfigurationName = Release;
		};
		9025BA742088F24B0023D67D /* Build configuration list for PBXNativeTarget "Nacho Plane Detection, ikea" */ = {
			isa = XCConfigurationList;
			buildConfigurations = (
				9025BA752088F24B0023D67D /* Debug */,
				9025BA762088F24B0023D67D /* Release */,
			);
			defaultConfigurationIsVisible = 0;
			defaultConfigurationName = Release;
		};
		9025BA772088F24B0023D67D /* Build configuration list for PBXNativeTarget "Nacho Plane Detection, ikeaTests" */ = {
			isa = XCConfigurationList;
			buildConfigurations = (
				9025BA782088F24B0023D67D /* Debug */,
				9025BA792088F24B0023D67D /* Release */,
			);
			defaultConfigurationIsVisible = 0;
			defaultConfigurationName = Release;
		};
		9025BA7A2088F24B0023D67D /* Build configuration list for PBXNativeTarget "Nacho Plane Detection, ikeaUITests" */ = {
			isa = XCConfigurationList;
			buildConfigurations = (
				9025BA7B2088F24B0023D67D /* Debug */,
				9025BA7C2088F24B0023D67D /* Release */,
			);
			defaultConfigurationIsVisible = 0;
			defaultConfigurationName = Release;
		};
/* End XCConfigurationList section */
	};
	rootObject = 9025BA442088F24A0023D67D /* Project object */;
}
